
Microsoft Visual Studio Solution File, Format Version 12.00
# Visual Studio Version 17
VisualStudioVersion = 17.2.32516.85
MinimumVisualStudioVersion = 10.0.40219.1
Project("{FAE04EC0-301F-11D3-BF4B-00C04F79EFBC}") = "WebApplication1", "WebApplication1\WebApplication1.csproj", "{726F8163-73E3-435A-93B8-D05A04541EB4}"
EndProject
Global
	GlobalSection(SolutionConfigurationPlatforms) = preSolution
		Debug|Any CPU = Debug|Any CPU
		Release|Any CPU = Release|Any CPU
	EndGlobalSection
	GlobalSection(ProjectConfigurationPlatforms) = postSolution
		{726F8163-73E3-435A-93B8-D05A04541EB4}.Debug|Any CPU.ActiveCfg = Debug|Any CPU
		{726F8163-73E3-435A-93B8-D05A04541EB4}.Debug|Any CPU.Build.0 = Debug|Any CPU
		{726F8163-73E3-435A-93B8-D05A04541EB4}.Release|Any CPU.ActiveCfg = Release|Any CPU
		{726F8163-73E3-435A-93B8-D05A04541EB4}.Release|Any CPU.Build.0 = Release|Any CPU
	EndGlobalSection
	GlobalSection(SolutionProperties) = preSolution
		HideSolutionNode = FALSE
	EndGlobalSection
	GlobalSection(ExtensibilityGlobals) = postSolution
		SolutionGuid = {C33C2819-3788-4337-869E-3B427A08BFB0}
	EndGlobalSection
EndGlobal
